// !$*UTF8*$!
{
	archiveVersion = 1;
	classes = {
	};
	objectVersion = 46;
	objects = {

/* Begin PBXBuildFile section */
		DCE6306617AC27CC003832D4 /* UIKit.framework in Frameworks */ = {isa = PBXBuildFile; fileRef = DCE6306517AC27CC003832D4 /* UIKit.framework */; };
		DCE6306817AC27CC003832D4 /* Foundation.framework in Frameworks */ = {isa = PBXBuildFile; fileRef = DCE6306717AC27CC003832D4 /* Foundation.framework */; };
		DCE6306A17AC27CC003832D4 /* CoreGraphics.framework in Frameworks */ = {isa = PBXBuildFile; fileRef = DCE6306917AC27CC003832D4 /* CoreGraphics.framework */; };
		DCE6307017AC27CC003832D4 /* InfoPlist.strings in Resources */ = {isa = PBXBuildFile; fileRef = DCE6306E17AC27CC003832D4 /* InfoPlist.strings */; };
		DCE6307217AC27CC003832D4 /* main.m in Sources */ = {isa = PBXBuildFile; fileRef = DCE6307117AC27CC003832D4 /* main.m */; };
		DCE6307617AC27CC003832D4 /* CardGameAppDelegate.m in Sources */ = {isa = PBXBuildFile; fileRef = DCE6307517AC27CC003832D4 /* CardGameAppDelegate.m */; };
		DCE6307817AC27CC003832D4 /* Default.png in Resources */ = {isa = PBXBuildFile; fileRef = DCE6307717AC27CC003832D4 /* Default.png */; };
		DCE6307A17AC27CC003832D4 /* Default@2x.png in Resources */ = {isa = PBXBuildFile; fileRef = DCE6307917AC27CC003832D4 /* Default@2x.png */; };
		DCE6307C17AC27CC003832D4 /* Default-568h@2x.png in Resources */ = {isa = PBXBuildFile; fileRef = DCE6307B17AC27CC003832D4 /* Default-568h@2x.png */; };
		DCE6307F17AC27CC003832D4 /* MainStoryboard.storyboard in Resources */ = {isa = PBXBuildFile; fileRef = DCE6307D17AC27CC003832D4 /* MainStoryboard.storyboard */; };
		DCE6308217AC27CC003832D4 /* CardGameViewController.m in Sources */ = {isa = PBXBuildFile; fileRef = DCE6308117AC27CC003832D4 /* CardGameViewController.m */; };
		DCE6308A17AD3B0C003832D4 /* Card.m in Sources */ = {isa = PBXBuildFile; fileRef = DCE6308917AD3B0C003832D4 /* Card.m */; };
		DCE6308D17AD3B46003832D4 /* Deck.m in Sources */ = {isa = PBXBuildFile; fileRef = DCE6308C17AD3B46003832D4 /* Deck.m */; };
		DCE6309117AD4BE2003832D4 /* PlayingCard.m in Sources */ = {isa = PBXBuildFile; fileRef = DCE6309017AD4BE2003832D4 /* PlayingCard.m */; };
		DCE6309417AD74CE003832D4 /* PlayingCardDeck.m in Sources */ = {isa = PBXBuildFile; fileRef = DCE6309317AD74CE003832D4 /* PlayingCardDeck.m */; };
		DCE6309717AE55B5003832D4 /* CardMatchingGame.m in Sources */ = {isa = PBXBuildFile; fileRef = DCE6309617AE55B5003832D4 /* CardMatchingGame.m */; };
/* End PBXBuildFile section */

/* Begin PBXFileReference section */
		DCE6306217AC27CC003832D4 /* Matchismo.app */ = {isa = PBXFileReference; explicitFileType = wrapper.application; includeInIndex = 0; path = Matchismo.app; sourceTree = BUILT_PRODUCTS_DIR; };
		DCE6306517AC27CC003832D4 /* UIKit.framework */ = {isa = PBXFileReference; lastKnownFileType = wrapper.framework; name = UIKit.framework; path = System/Library/Frameworks/UIKit.framework; sourceTree = SDKROOT; };
		DCE6306717AC27CC003832D4 /* Foundation.framework */ = {isa = PBXFileReference; lastKnownFileType = wrapper.framework; name = Foundation.framework; path = System/Library/Frameworks/Foundation.framework; sourceTree = SDKROOT; };
		DCE6306917AC27CC003832D4 /* CoreGraphics.framework */ = {isa = PBXFileReference; lastKnownFileType = wrapper.framework; name = CoreGraphics.framework; path = System/Library/Frameworks/CoreGraphics.framework; sourceTree = SDKROOT; };
		DCE6306D17AC27CC003832D4 /* Matchismo-Info.plist */ = {isa = PBXFileReference; lastKnownFileType = text.plist.xml; path = "Matchismo-Info.plist"; sourceTree = "<group>"; };
		DCE6306F17AC27CC003832D4 /* en */ = {isa = PBXFileReference; lastKnownFileType = text.plist.strings; name = en; path = en.lproj/InfoPlist.strings; sourceTree = "<group>"; };
		DCE6307117AC27CC003832D4 /* main.m */ = {isa = PBXFileReference; lastKnownFileType = sourcecode.c.objc; path = main.m; sourceTree = "<group>"; };
		DCE6307317AC27CC003832D4 /* Matchismo-Prefix.pch */ = {isa = PBXFileReference; lastKnownFileType = sourcecode.c.h; path = "Matchismo-Prefix.pch"; sourceTree = "<group>"; };
		DCE6307417AC27CC003832D4 /* CardGameAppDelegate.h */ = {isa = PBXFileReference; lastKnownFileType = sourcecode.c.h; path = CardGameAppDelegate.h; sourceTree = "<group>"; };
		DCE6307517AC27CC003832D4 /* CardGameAppDelegate.m */ = {isa = PBXFileReference; lastKnownFileType = sourcecode.c.objc; path = CardGameAppDelegate.m; sourceTree = "<group>"; };
		DCE6307717AC27CC003832D4 /* Default.png */ = {isa = PBXFileReference; lastKnownFileType = image.png; path = Default.png; sourceTree = "<group>"; };
		DCE6307917AC27CC003832D4 /* Default@2x.png */ = {isa = PBXFileReference; lastKnownFileType = image.png; path = "Default@2x.png"; sourceTree = "<group>"; };
		DCE6307B17AC27CC003832D4 /* Default-568h@2x.png */ = {isa = PBXFileReference; lastKnownFileType = image.png; path = "Default-568h@2x.png"; sourceTree = "<group>"; };
		DCE6307E17AC27CC003832D4 /* en */ = {isa = PBXFileReference; lastKnownFileType = file.storyboard; name = en; path = en.lproj/MainStoryboard.storyboard; sourceTree = "<group>"; };
		DCE6308017AC27CC003832D4 /* CardGameViewController.h */ = {isa = PBXFileReference; lastKnownFileType = sourcecode.c.h; path = CardGameViewController.h; sourceTree = "<group>"; };
		DCE6308117AC27CC003832D4 /* CardGameViewController.m */ = {isa = PBXFileReference; lastKnownFileType = sourcecode.c.objc; path = CardGameViewController.m; sourceTree = "<group>"; };
		DCE6308817AD3B0C003832D4 /* Card.h */ = {isa = PBXFileReference; fileEncoding = 4; lastKnownFileType = sourcecode.c.h; name = Card.h; path = Model/Card.h; sourceTree = "<group>"; };
		DCE6308917AD3B0C003832D4 /* Card.m */ = {isa = PBXFileReference; fileEncoding = 4; lastKnownFileType = sourcecode.c.objc; name = Card.m; path = Model/Card.m; sourceTree = "<group>"; };
		DCE6308B17AD3B46003832D4 /* Deck.h */ = {isa = PBXFileReference; fileEncoding = 4; lastKnownFileType = sourcecode.c.h; name = Deck.h; path = Model/Deck.h; sourceTree = "<group>"; };
		DCE6308C17AD3B46003832D4 /* Deck.m */ = {isa = PBXFileReference; fileEncoding = 4; lastKnownFileType = sourcecode.c.objc; name = Deck.m; path = Model/Deck.m; sourceTree = "<group>"; };
		DCE6308F17AD4BE2003832D4 /* PlayingCard.h */ = {isa = PBXFileReference; fileEncoding = 4; lastKnownFileType = sourcecode.c.h; name = PlayingCard.h; path = Model/PlayingCard.h; sourceTree = "<group>"; };
		DCE6309017AD4BE2003832D4 /* PlayingCard.m */ = {isa = PBXFileReference; fileEncoding = 4; lastKnownFileType = sourcecode.c.objc; name = PlayingCard.m; path = Model/PlayingCard.m; sourceTree = "<group>"; };
		DCE6309217AD74CE003832D4 /* PlayingCardDeck.h */ = {isa = PBXFileReference; fileEncoding = 4; lastKnownFileType = sourcecode.c.h; name = PlayingCardDeck.h; path = Model/PlayingCardDeck.h; sourceTree = "<group>"; };
		DCE6309317AD74CE003832D4 /* PlayingCardDeck.m */ = {isa = PBXFileReference; fileEncoding = 4; lastKnownFileType = sourcecode.c.objc; name = PlayingCardDeck.m; path = Model/PlayingCardDeck.m; sourceTree = "<group>"; };
		DCE6309517AE55B5003832D4 /* CardMatchingGame.h */ = {isa = PBXFileReference; fileEncoding = 4; lastKnownFileType = sourcecode.c.h; path = CardMatchingGame.h; sourceTree = "<group>"; };
		DCE6309617AE55B5003832D4 /* CardMatchingGame.m */ = {isa = PBXFileReference; fileEncoding = 4; lastKnownFileType = sourcecode.c.objc; path = CardMatchingGame.m; sourceTree = "<group>"; };
/* End PBXFileReference section */

/* Begin PBXFrameworksBuildPhase section */
		DCE6305F17AC27CC003832D4 /* Frameworks */ = {
			isa = PBXFrameworksBuildPhase;
			buildActionMask = 2147483647;
			files = (
				DCE6306617AC27CC003832D4 /* UIKit.framework in Frameworks */,
				DCE6306817AC27CC003832D4 /* Foundation.framework in Frameworks */,
				DCE6306A17AC27CC003832D4 /* CoreGraphics.framework in Frameworks */,
			);
			runOnlyForDeploymentPostprocessing = 0;
		};
/* End PBXFrameworksBuildPhase section */

/* Begin PBXGroup section */
		DCE6305917AC27CC003832D4 = {
			isa = PBXGroup;
			children = (
				DCE6306B17AC27CC003832D4 /* Matchismo */,
				DCE6306417AC27CC003832D4 /* Frameworks */,
				DCE6306317AC27CC003832D4 /* Products */,
			);
			sourceTree = "<group>";
		};
		DCE6306317AC27CC003832D4 /* Products */ = {
			isa = PBXGroup;
			children = (
				DCE6306217AC27CC003832D4 /* Matchismo.app */,
			);
			name = Products;
			sourceTree = "<group>";
		};
		DCE6306417AC27CC003832D4 /* Frameworks */ = {
			isa = PBXGroup;
			children = (
				DCE6306517AC27CC003832D4 /* UIKit.framework */,
				DCE6306717AC27CC003832D4 /* Foundation.framework */,
				DCE6306917AC27CC003832D4 /* CoreGraphics.framework */,
			);
			name = Frameworks;
			sourceTree = "<group>";
		};
		DCE6306B17AC27CC003832D4 /* Matchismo */ = {
			isa = PBXGroup;
			children = (
				DCE6307D17AC27CC003832D4 /* MainStoryboard.storyboard */,
				DCE6308E17AD3B77003832D4 /* Model */,
				DCE6308017AC27CC003832D4 /* CardGameViewController.h */,
				DCE6308117AC27CC003832D4 /* CardGameViewController.m */,
				DCE6306C17AC27CC003832D4 /* Supporting Files */,
			);
			path = Matchismo;
			sourceTree = "<group>";
		};
		DCE6306C17AC27CC003832D4 /* Supporting Files */ = {
			isa = PBXGroup;
			children = (
				DCE6307417AC27CC003832D4 /* CardGameAppDelegate.h */,
				DCE6307517AC27CC003832D4 /* CardGameAppDelegate.m */,
				DCE6306D17AC27CC003832D4 /* Matchismo-Info.plist */,
				DCE6306E17AC27CC003832D4 /* InfoPlist.strings */,
				DCE6307117AC27CC003832D4 /* main.m */,
				DCE6307317AC27CC003832D4 /* Matchismo-Prefix.pch */,
				DCE6307717AC27CC003832D4 /* Default.png */,
				DCE6307917AC27CC003832D4 /* Default@2x.png */,
				DCE6307B17AC27CC003832D4 /* Default-568h@2x.png */,
			);
			name = "Supporting Files";
			sourceTree = "<group>";
		};
		DCE6308E17AD3B77003832D4 /* Model */ = {
			isa = PBXGroup;
			children = (
				DCE6309517AE55B5003832D4 /* CardMatchingGame.h */,
				DCE6309617AE55B5003832D4 /* CardMatchingGame.m */,
				DCE6308817AD3B0C003832D4 /* Card.h */,
				DCE6308917AD3B0C003832D4 /* Card.m */,
				DCE6308B17AD3B46003832D4 /* Deck.h */,
				DCE6308C17AD3B46003832D4 /* Deck.m */,
				DCE6308F17AD4BE2003832D4 /* PlayingCard.h */,
				DCE6309017AD4BE2003832D4 /* PlayingCard.m */,
				DCE6309217AD74CE003832D4 /* PlayingCardDeck.h */,
				DCE6309317AD74CE003832D4 /* PlayingCardDeck.m */,
			);
			name = Model;
			sourceTree = "<group>";
		};
/* End PBXGroup section */

/* Begin PBXNativeTarget section */
		DCE6306117AC27CC003832D4 /* Matchismo */ = {
			isa = PBXNativeTarget;
			buildConfigurationList = DCE6308517AC27CC003832D4 /* Build configuration list for PBXNativeTarget "Matchismo" */;
			buildPhases = (
				DCE6305E17AC27CC003832D4 /* Sources */,
				DCE6305F17AC27CC003832D4 /* Frameworks */,
				DCE6306017AC27CC003832D4 /* Resources */,
			);
			buildRules = (
			);
			dependencies = (
			);
			name = Matchismo;
			productName = Matchismo;
			productReference = DCE6306217AC27CC003832D4 /* Matchismo.app */;
			productType = "com.apple.product-type.application";
		};
/* End PBXNativeTarget section */

/* Begin PBXProject section */
		DCE6305A17AC27CC003832D4 /* Project object */ = {
			isa = PBXProject;
			attributes = {
				CLASSPREFIX = CardGame;
				LastUpgradeCheck = 0460;
				ORGANIZATIONNAME = "Simon Pomeroy";
			};
			buildConfigurationList = DCE6305D17AC27CC003832D4 /* Build configuration list for PBXProject "Matchismo" */;
			compatibilityVersion = "Xcode 3.2";
			developmentRegion = English;
			hasScannedForEncodings = 0;
			knownRegions = (
				en,
			);
			mainGroup = DCE6305917AC27CC003832D4;
			productRefGroup = DCE6306317AC27CC003832D4 /* Products */;
			projectDirPath = "";
			projectRoot = "";
			targets = (
				DCE6306117AC27CC003832D4 /* Matchismo */,
			);
		};
/* End PBXProject section */

/* Begin PBXResourcesBuildPhase section */
		DCE6306017AC27CC003832D4 /* Resources */ = {
			isa = PBXResourcesBuildPhase;
			buildActionMask = 2147483647;
			files = (
				DCE6307017AC27CC003832D4 /* InfoPlist.strings in Resources */,
				DCE6307817AC27CC003832D4 /* Default.png in Resources */,
				DCE6307A17AC27CC003832D4 /* Default@2x.png in Resources */,
				DCE6307C17AC27CC003832D4 /* Default-568h@2x.png in Resources */,
				DCE6307F17AC27CC003832D4 /* MainStoryboard.storyboard in Resources */,
			);
			runOnlyForDeploymentPostprocessing = 0;
		};
/* End PBXResourcesBuildPhase section */

/* Begin PBXSourcesBuildPhase section */
		DCE6305E17AC27CC003832D4 /* Sources */ = {
			isa = PBXSourcesBuildPhase;
			buildActionMask = 2147483647;
			files = (
				DCE6307217AC27CC003832D4 /* main.m in Sources */,
				DCE6307617AC27CC003832D4 /* CardGameAppDelegate.m in Sources */,
				DCE6308217AC27CC003832D4 /* CardGameViewController.m in Sources */,
				DCE6308A17AD3B0C003832D4 /* Card.m in Sources */,
				DCE6308D17AD3B46003832D4 /* Deck.m in Sources */,
				DCE6309117AD4BE2003832D4 /* PlayingCard.m in Sources */,
				DCE6309417AD74CE003832D4 /* PlayingCardDeck.m in Sources */,
				DCE6309717AE55B5003832D4 /* CardMatchingGame.m in Sources */,
			);
			runOnlyForDeploymentPostprocessing = 0;
		};
/* End PBXSourcesBuildPhase section */

/* Begin PBXVariantGroup section */
		DCE6306E17AC27CC003832D4 /* InfoPlist.strings */ = {
			isa = PBXVariantGroup;
			children = (
				DCE6306F17AC27CC003832D4 /* en */,
			);
			name = InfoPlist.strings;
			sourceTree = "<group>";
		};
		DCE6307D17AC27CC003832D4 /* MainStoryboard.storyboard */ = {
			isa = PBXVariantGroup;
			children = (
				DCE6307E17AC27CC003832D4 /* en */,
			);
			name = MainStoryboard.storyboard;
			sourceTree = "<group>";
		};
/* End PBXVariantGroup section */

/* Begin XCBuildConfiguration section */
		DCE6308317AC27CC003832D4 /* Debug */ = {
			isa = XCBuildConfiguration;
			buildSettings = {
				ALWAYS_SEARCH_USER_PATHS = NO;
				CLANG_CXX_LANGUAGE_STANDARD = "gnu++0x";
				CLANG_CXX_LIBRARY = "libc++";
				CLANG_ENABLE_OBJC_ARC = YES;
				CLANG_WARN_CONSTANT_CONVERSION = YES;
				CLANG_WARN_EMPTY_BODY = YES;
				CLANG_WARN_ENUM_CONVERSION = YES;
				CLANG_WARN_INT_CONVERSION = YES;
				CLANG_WARN__DUPLICATE_METHOD_MATCH = YES;
				"CODE_SIGN_IDENTITY[sdk=iphoneos*]" = "iPhone Developer";
				COPY_PHASE_STRIP = NO;
				GCC_C_LANGUAGE_STANDARD = gnu99;
				GCC_DYNAMIC_NO_PIC = NO;
				GCC_OPTIMIZATION_LEVEL = 0;
				GCC_PREPROCESSOR_DEFINITIONS = (
					"DEBUG=1",
					"$(inherited)",
				);
				GCC_SYMBOLS_PRIVATE_EXTERN = NO;
				GCC_WARN_ABOUT_RETURN_TYPE = YES;
				GCC_WARN_UNINITIALIZED_AUTOS = YES;
				GCC_WARN_UNUSED_VARIABLE = YES;
				IPHONEOS_DEPLOYMENT_TARGET = 6.1;
				ONLY_ACTIVE_ARCH = YES;
				SDKROOT = iphoneos;
			};
			name = Debug;
		};
		DCE6308417AC27CC003832D4 /* Release */ = {
			isa = XCBuildConfiguration;
			buildSettings = {
				ALWAYS_SEARCH_USER_PATHS = NO;
				CLANG_CXX_LANGUAGE_STANDARD = "gnu++0x";
				CLANG_CXX_LIBRARY = "libc++";
				CLANG_ENABLE_OBJC_ARC = YES;
				CLANG_WARN_CONSTANT_CONVERSION = YES;
				CLANG_WARN_EMPTY_BODY = YES;
				CLANG_WARN_ENUM_CONVERSION = YES;
				CLANG_WARN_INT_CONVERSION = YES;
				CLANG_WARN__DUPLICATE_METHOD_MATCH = YES;
				"CODE_SIGN_IDENTITY[sdk=iphoneos*]" = "iPhone Developer";
				COPY_PHASE_STRIP = YES;
				GCC_C_LANGUAGE_STANDARD = gnu99;
				GCC_WARN_ABOUT_RETURN_TYPE = YES;
				GCC_WARN_UNINITIALIZED_AUTOS = YES;
				GCC_WARN_UNUSED_VARIABLE = YES;
				IPHONEOS_DEPLOYMENT_TARGET = 6.1;
				OTHER_CFLAGS = "-DNS_BLOCK_ASSERTIONS=1";
				SDKROOT = iphoneos;
				VALIDATE_PRODUCT = YES;
			};
			name = Release;
		};
		DCE6308617AC27CC003832D4 /* Debug */ = {
			isa = XCBuildConfiguration;
			buildSettings = {
				GCC_PRECOMPILE_PREFIX_HEADER = YES;
				GCC_PREFIX_HEADER = "Matchismo/Matchismo-Prefix.pch";
				INFOPLIST_FILE = "Matchismo/Matchismo-Info.plist";
				PRODUCT_NAME = "$(TARGET_NAME)";
				WRAPPER_EXTENSION = app;
			};
			name = Debug;
		};
		DCE6308717AC27CC003832D4 /* Release */ = {
			isa = XCBuildConfiguration;
			buildSettings = {
				GCC_PRECOMPILE_PREFIX_HEADER = YES;
				GCC_PREFIX_HEADER = "Matchismo/Matchismo-Prefix.pch";
				INFOPLIST_FILE = "Matchismo/Matchismo-Info.plist";
				PRODUCT_NAME = "$(TARGET_NAME)";
				WRAPPER_EXTENSION = app;
			};
			name = Release;
		};
/* End XCBuildConfiguration section */

/* Begin XCConfigurationList section */
		DCE6305D17AC27CC003832D4 /* Build configuration list for PBXProject "Matchismo" */ = {
			isa = XCConfigurationList;
			buildConfigurations = (
				DCE6308317AC27CC003832D4 /* Debug */,
				DCE6308417AC27CC003832D4 /* Release */,
			);
			defaultConfigurationIsVisible = 0;
			defaultConfigurationName = Release;
		};
		DCE6308517AC27CC003832D4 /* Build configuration list for PBXNativeTarget "Matchismo" */ = {
			isa = XCConfigurationList;
			buildConfigurations = (
				DCE6308617AC27CC003832D4 /* Debug */,
				DCE6308717AC27CC003832D4 /* Release */,
			);
			defaultConfigurationIsVisible = 0;
		};
/* End XCConfigurationList section */
	};
	rootObject = DCE6305A17AC27CC003832D4 /* Project object */;
}
